// !$*UTF8*$!
{
	archiveVersion = 1;
	classes = {
	};
	objectVersion = 46;
	objects = {

/* Begin PBXBuildFile section */
		41E941D81A5275E200A8FCAE /* main.m in Sources */ = {isa = PBXBuildFile; fileRef = 41E941D71A5275E200A8FCAE /* main.m */; };
		41E941DB1A5275E200A8FCAE /* AppDelegate.m in Sources */ = {isa = PBXBuildFile; fileRef = 41E941DA1A5275E200A8FCAE /* AppDelegate.m */; };
		41E941DE1A5275E200A8FCAE /* ViewController.m in Sources */ = {isa = PBXBuildFile; fileRef = 41E941DD1A5275E200A8FCAE /* ViewController.m */; };
		41E941E11A5275E200A8FCAE /* Main.storyboard in Resources */ = {isa = PBXBuildFile; fileRef = 41E941DF1A5275E200A8FCAE /* Main.storyboard */; };
		41E941E31A5275E200A8FCAE /* Images.xcassets in Resources */ = {isa = PBXBuildFile; fileRef = 41E941E21A5275E200A8FCAE /* Images.xcassets */; };
		41E941E61A5275E200A8FCAE /* LaunchScreen.xib in Resources */ = {isa = PBXBuildFile; fileRef = 41E941E41A5275E200A8FCAE /* LaunchScreen.xib */; };
		41E941F21A5275E200A8FCAE /* InspectionTests.m in Sources */ = {isa = PBXBuildFile; fileRef = 41E941F11A5275E200A8FCAE /* InspectionTests.m */; };
/* End PBXBuildFile section */

/* Begin PBXContainerItemProxy section */
		41E941EC1A5275E200A8FCAE /* PBXContainerItemProxy */ = {
			isa = PBXContainerItemProxy;
			containerPortal = 41E941CA1A5275E200A8FCAE /* Project object */;
			proxyType = 1;
			remoteGlobalIDString = 41E941D11A5275E200A8FCAE;
			remoteInfo = Inspection;
		};
/* End PBXContainerItemProxy section */

/* Begin PBXFileReference section */
		41E941D21A5275E200A8FCAE /* Inspection.app */ = {isa = PBXFileReference; explicitFileType = wrapper.application; includeInIndex = 0; path = Inspection.app; sourceTree = BUILT_PRODUCTS_DIR; };
		41E941D61A5275E200A8FCAE /* Info.plist */ = {isa = PBXFileReference; lastKnownFileType = text.plist.xml; path = Info.plist; sourceTree = "<group>"; };
		41E941D71A5275E200A8FCAE /* main.m */ = {isa = PBXFileReference; lastKnownFileType = sourcecode.c.objc; path = main.m; sourceTree = "<group>"; };
		41E941D91A5275E200A8FCAE /* AppDelegate.h */ = {isa = PBXFileReference; lastKnownFileType = sourcecode.c.h; path = AppDelegate.h; sourceTree = "<group>"; };
		41E941DA1A5275E200A8FCAE /* AppDelegate.m */ = {isa = PBXFileReference; lastKnownFileType = sourcecode.c.objc; path = AppDelegate.m; sourceTree = "<group>"; };
		41E941DC1A5275E200A8FCAE /* ViewController.h */ = {isa = PBXFileReference; lastKnownFileType = sourcecode.c.h; path = ViewController.h; sourceTree = "<group>"; };
		41E941DD1A5275E200A8FCAE /* ViewController.m */ = {isa = PBXFileReference; lastKnownFileType = sourcecode.c.objc; path = ViewController.m; sourceTree = "<group>"; };
		41E941E01A5275E200A8FCAE /* Base */ = {isa = PBXFileReference; lastKnownFileType = file.storyboard; name = Base; path = Base.lproj/Main.storyboard; sourceTree = "<group>"; };
		41E941E21A5275E200A8FCAE /* Images.xcassets */ = {isa = PBXFileReference; lastKnownFileType = folder.assetcatalog; path = Images.xcassets; sourceTree = "<group>"; };
		41E941E51A5275E200A8FCAE /* Base */ = {isa = PBXFileReference; lastKnownFileType = file.xib; name = Base; path = Base.lproj/LaunchScreen.xib; sourceTree = "<group>"; };
		41E941EB1A5275E200A8FCAE /* InspectionTests.xctest */ = {isa = PBXFileReference; explicitFileType = wrapper.cfbundle; includeInIndex = 0; path = InspectionTests.xctest; sourceTree = BUILT_PRODUCTS_DIR; };
		41E941F01A5275E200A8FCAE /* Info.plist */ = {isa = PBXFileReference; lastKnownFileType = text.plist.xml; path = Info.plist; sourceTree = "<group>"; };
		41E941F11A5275E200A8FCAE /* InspectionTests.m */ = {isa = PBXFileReference; lastKnownFileType = sourcecode.c.objc; path = InspectionTests.m; sourceTree = "<group>"; };
/* End PBXFileReference section */

/* Begin PBXFrameworksBuildPhase section */
		41E941CF1A5275E200A8FCAE /* Frameworks */ = {
			isa = PBXFrameworksBuildPhase;
			buildActionMask = 2147483647;
			files = (
			);
			runOnlyForDeploymentPostprocessing = 0;
		};
		41E941E81A5275E200A8FCAE /* Frameworks */ = {
			isa = PBXFrameworksBuildPhase;
			buildActionMask = 2147483647;
			files = (
			);
			runOnlyForDeploymentPostprocessing = 0;
		};
/* End PBXFrameworksBuildPhase section */

/* Begin PBXGroup section */
		41E941C91A5275E200A8FCAE = {
			isa = PBXGroup;
			children = (
				41E941D41A5275E200A8FCAE /* Inspection */,
				41E941EE1A5275E200A8FCAE /* InspectionTests */,
				41E941D31A5275E200A8FCAE /* Products */,
			);
			sourceTree = "<group>";
		};
		41E941D31A5275E200A8FCAE /* Products */ = {
			isa = PBXGroup;
			children = (
				41E941D21A5275E200A8FCAE /* Inspection.app */,
				41E941EB1A5275E200A8FCAE /* InspectionTests.xctest */,
			);
			name = Products;
			sourceTree = "<group>";
		};
		41E941D41A5275E200A8FCAE /* Inspection */ = {
			isa = PBXGroup;
			children = (
				41E941D91A5275E200A8FCAE /* AppDelegate.h */,
				41E941DA1A5275E200A8FCAE /* AppDelegate.m */,
				41E941DC1A5275E200A8FCAE /* ViewController.h */,
				41E941DD1A5275E200A8FCAE /* ViewController.m */,
				41E941DF1A5275E200A8FCAE /* Main.storyboard */,
				41E941E21A5275E200A8FCAE /* Images.xcassets */,
				41E941E41A5275E200A8FCAE /* LaunchScreen.xib */,
				41E941D51A5275E200A8FCAE /* Supporting Files */,
			);
			path = Inspection;
			sourceTree = "<group>";
		};
		41E941D51A5275E200A8FCAE /* Supporting Files */ = {
			isa = PBXGroup;
			children = (
				41E941D61A5275E200A8FCAE /* Info.plist */,
				41E941D71A5275E200A8FCAE /* main.m */,
			);
			name = "Supporting Files";
			sourceTree = "<group>";
		};
		41E941EE1A5275E200A8FCAE /* InspectionTests */ = {
			isa = PBXGroup;
			children = (
				41E941F11A5275E200A8FCAE /* InspectionTests.m */,
				41E941EF1A5275E200A8FCAE /* Supporting Files */,
			);
			path = InspectionTests;
			sourceTree = "<group>";
		};
		41E941EF1A5275E200A8FCAE /* Supporting Files */ = {
			isa = PBXGroup;
			children = (
				41E941F01A5275E200A8FCAE /* Info.plist */,
			);
			name = "Supporting Files";
			sourceTree = "<group>";
		};
/* End PBXGroup section */

/* Begin PBXNativeTarget section */
		41E941D11A5275E200A8FCAE /* Inspection */ = {
			isa = PBXNativeTarget;
			buildConfigurationList = 41E941F51A5275E200A8FCAE /* Build configuration list for PBXNativeTarget "Inspection" */;
			buildPhases = (
				41E941CE1A5275E200A8FCAE /* Sources */,
				41E941CF1A5275E200A8FCAE /* Frameworks */,
				41E941D01A5275E200A8FCAE /* Resources */,
			);
			buildRules = (
			);
			dependencies = (
			);
			name = Inspection;
			productName = Inspection;
			productReference = 41E941D21A5275E200A8FCAE /* Inspection.app */;
			productType = "com.apple.product-type.application";
		};
		41E941EA1A5275E200A8FCAE /* InspectionTests */ = {
			isa = PBXNativeTarget;
			buildConfigurationList = 41E941F81A5275E200A8FCAE /* Build configuration list for PBXNativeTarget "InspectionTests" */;
			buildPhases = (
				41E941E71A5275E200A8FCAE /* Sources */,
				41E941E81A5275E200A8FCAE /* Frameworks */,
				41E941E91A5275E200A8FCAE /* Resources */,
			);
			buildRules = (
			);
			dependencies = (
				41E941ED1A5275E200A8FCAE /* PBXTargetDependency */,
			);
			name = InspectionTests;
			productName = InspectionTests;
			productReference = 41E941EB1A5275E200A8FCAE /* InspectionTests.xctest */;
			productType = "com.apple.product-type.bundle.unit-test";
		};
/* End PBXNativeTarget section */

/* Begin PBXProject section */
		41E941CA1A5275E200A8FCAE /* Project object */ = {
			isa = PBXProject;
			attributes = {
				LastUpgradeCheck = 0610;
				ORGANIZATIONNAME = "Jian Yao Ang";
				TargetAttributes = {
					41E941D11A5275E200A8FCAE = {
						CreatedOnToolsVersion = 6.1.1;
					};
					41E941EA1A5275E200A8FCAE = {
						CreatedOnToolsVersion = 6.1.1;
						TestTargetID = 41E941D11A5275E200A8FCAE;
					};
				};
			};
			buildConfigurationList = 41E941CD1A5275E200A8FCAE /* Build configuration list for PBXProject "Inspection" */;
			compatibilityVersion = "Xcode 3.2";
			developmentRegion = English;
			hasScannedForEncodings = 0;
			knownRegions = (
				en,
				Base,
			);
			mainGroup = 41E941C91A5275E200A8FCAE;
			productRefGroup = 41E941D31A5275E200A8FCAE /* Products */;
			projectDirPath = "";
			projectRoot = "";
			targets = (
				41E941D11A5275E200A8FCAE /* Inspection */,
				41E941EA1A5275E200A8FCAE /* InspectionTests */,
			);
		};
/* End PBXProject section */

/* Begin PBXResourcesBuildPhase section */
		41E941D01A5275E200A8FCAE /* Resources */ = {
			isa = PBXResourcesBuildPhase;
			buildActionMask = 2147483647;
			files = (
				41E941E11A5275E200A8FCAE /* Main.storyboard in Resources */,
				41E941E61A5275E200A8FCAE /* LaunchScreen.xib in Resources */,
				41E941E31A5275E200A8FCAE /* Images.xcassets in Resources */,
			);
			runOnlyForDeploymentPostprocessing = 0;
		};
		41E941E91A5275E200A8FCAE /* Resources */ = {
			isa = PBXResourcesBuildPhase;
			buildActionMask = 2147483647;
			files = (
			);
			runOnlyForDeploymentPostprocessing = 0;
		};
/* End PBXResourcesBuildPhase section */

/* Begin PBXSourcesBuildPhase section */
		41E941CE1A5275E200A8FCAE /* Sources */ = {
			isa = PBXSourcesBuildPhase;
			buildActionMask = 2147483647;
			files = (
				41E941DE1A5275E200A8FCAE /* ViewController.m in Sources */,
				41E941DB1A5275E200A8FCAE /* AppDelegate.m in Sources */,
				41E941D81A5275E200A8FCAE /* main.m in Sources */,
			);
			runOnlyForDeploymentPostprocessing = 0;
		};
		41E941E71A5275E200A8FCAE /* Sources */ = {
			isa = PBXSourcesBuildPhase;
			buildActionMask = 2147483647;
			files = (
				41E941F21A5275E200A8FCAE /* InspectionTests.m in Sources */,
			);
			runOnlyForDeploymentPostprocessing = 0;
		};
/* End PBXSourcesBuildPhase section */

/* Begin PBXTargetDependency section */
		41E941ED1A5275E200A8FCAE /* PBXTargetDependency */ = {
			isa = PBXTargetDependency;
			target = 41E941D11A5275E200A8FCAE /* Inspection */;
			targetProxy = 41E941EC1A5275E200A8FCAE /* PBXContainerItemProxy */;
		};
/* End PBXTargetDependency section */

/* Begin PBXVariantGroup section */
		41E941DF1A5275E200A8FCAE /* Main.storyboard */ = {
			isa = PBXVariantGroup;
			children = (
				41E941E01A5275E200A8FCAE /* Base */,
			);
			name = Main.storyboard;
			sourceTree = "<group>";
		};
		41E941E41A5275E200A8FCAE /* LaunchScreen.xib */ = {
			isa = PBXVariantGroup;
			children = (
				41E941E51A5275E200A8FCAE /* Base */,
			);
			name = LaunchScreen.xib;
			sourceTree = "<group>";
		};
/* End PBXVariantGroup section */

/* Begin XCBuildConfiguration section */
		41E941F31A5275E200A8FCAE /* Debug */ = {
			isa = XCBuildConfiguration;
			buildSettings = {
				ALWAYS_SEARCH_USER_PATHS = NO;
				CLANG_CXX_LANGUAGE_STANDARD = "gnu++0x";
				CLANG_CXX_LIBRARY = "libc++";
				CLANG_ENABLE_MODULES = YES;
				CLANG_ENABLE_OBJC_ARC = YES;
				CLANG_WARN_BOOL_CONVERSION = YES;
				CLANG_WARN_CONSTANT_CONVERSION = YES;
				CLANG_WARN_DIRECT_OBJC_ISA_USAGE = YES_ERROR;
				CLANG_WARN_EMPTY_BODY = YES;
				CLANG_WARN_ENUM_CONVERSION = YES;
				CLANG_WARN_INT_CONVERSION = YES;
				CLANG_WARN_OBJC_ROOT_CLASS = YES_ERROR;
				CLANG_WARN_UNREACHABLE_CODE = YES;
				CLANG_WARN__DUPLICATE_METHOD_MATCH = YES;
				"CODE_SIGN_IDENTITY[sdk=iphoneos*]" = "iPhone Developer";
				COPY_PHASE_STRIP = NO;
				ENABLE_STRICT_OBJC_MSGSEND = YES;
				GCC_C_LANGUAGE_STANDARD = gnu99;
				GCC_DYNAMIC_NO_PIC = NO;
				GCC_OPTIMIZATION_LEVEL = 0;
				GCC_PREPROCESSOR_DEFINITIONS = (
					"DEBUG=1",
					"$(inherited)",
				);
				GCC_SYMBOLS_PRIVATE_EXTERN = NO;
				GCC_WARN_64_TO_32_BIT_CONVERSION = YES;
				GCC_WARN_ABOUT_RETURN_TYPE = YES_ERROR;
				GCC_WARN_UNDECLARED_SELECTOR = YES;
				GCC_WARN_UNINITIALIZED_AUTOS = YES_AGGRESSIVE;
				GCC_WARN_UNUSED_FUNCTION = YES;
				GCC_WARN_UNUSED_VARIABLE = YES;
				IPHONEOS_DEPLOYMENT_TARGET = 8.1;
				MTL_ENABLE_DEBUG_INFO = YES;
				ONLY_ACTIVE_ARCH = YES;
				SDKROOT = iphoneos;
			};
			name = Debug;
		};
		41E941F41A5275E200A8FCAE /* Release */ = {
			isa = XCBuildConfiguration;
			buildSettings = {
				ALWAYS_SEARCH_USER_PATHS = NO;
				CLANG_CXX_LANGUAGE_STANDARD = "gnu++0x";
				CLANG_CXX_LIBRARY = "libc++";
				CLANG_ENABLE_MODULES = YES;
				CLANG_ENABLE_OBJC_ARC = YES;
				CLANG_WARN_BOOL_CONVERSION = YES;
				CLANG_WARN_CONSTANT_CONVERSION = YES;
				CLANG_WARN_DIRECT_OBJC_ISA_USAGE = YES_ERROR;
				CLANG_WARN_EMPTY_BODY = YES;
				CLANG_WARN_ENUM_CONVERSION = YES;
				CLANG_WARN_INT_CONVERSION = YES;
				CLANG_WARN_OBJC_ROOT_CLASS = YES_ERROR;
				CLANG_WARN_UNREACHABLE_CODE = YES;
				CLANG_WARN__DUPLICATE_METHOD_MATCH = YES;
				"CODE_SIGN_IDENTITY[sdk=iphoneos*]" = "iPhone Developer";
				COPY_PHASE_STRIP = YES;
				ENABLE_NS_ASSERTIONS = NO;
				ENABLE_STRICT_OBJC_MSGSEND = YES;
				GCC_C_LANGUAGE_STANDARD = gnu99;
				GCC_WARN_64_TO_32_BIT_CONVERSION = YES;
				GCC_WARN_ABOUT_RETURN_TYPE = YES_ERROR;
				GCC_WARN_UNDECLARED_SELECTOR = YES;
				GCC_WARN_UNINITIALIZED_AUTOS = YES_AGGRESSIVE;
				GCC_WARN_UNUSED_FUNCTION = YES;
				GCC_WARN_UNUSED_VARIABLE = YES;
				IPHONEOS_DEPLOYMENT_TARGET = 8.1;
				MTL_ENABLE_DEBUG_INFO = NO;
				SDKROOT = iphoneos;
				VALIDATE_PRODUCT = YES;
			};
			name = Release;
		};
		41E941F61A5275E200A8FCAE /* Debug */ = {
			isa = XCBuildConfiguration;
			buildSettings = {
				ASSETCATALOG_COMPILER_APPICON_NAME = AppIcon;
				INFOPLIST_FILE = Inspection/Info.plist;
				LD_RUNPATH_SEARCH_PATHS = "$(inherited) @executable_path/Frameworks";
				PRODUCT_NAME = "$(TARGET_NAME)";
			};
			name = Debug;
		};
		41E941F71A5275E200A8FCAE /* Release */ = {
			isa = XCBuildConfiguration;
			buildSettings = {
				ASSETCATALOG_COMPILER_APPICON_NAME = AppIcon;
				INFOPLIST_FILE = Inspection/Info.plist;
				LD_RUNPATH_SEARCH_PATHS = "$(inherited) @executable_path/Frameworks";
				PRODUCT_NAME = "$(TARGET_NAME)";
			};
			name = Release;
		};
		41E941F91A5275E200A8FCAE /* Debug */ = {
			isa = XCBuildConfiguration;
			buildSettings = {
				BUNDLE_LOADER = "$(TEST_HOST)";
				FRAMEWORK_SEARCH_PATHS = (
					"$(SDKROOT)/Developer/Library/Frameworks",
					"$(inherited)",
				);
				GCC_PREPROCESSOR_DEFINITIONS = (
					"DEBUG=1",
					"$(inherited)",
				);
				INFOPLIST_FILE = InspectionTests/Info.plist;
				LD_RUNPATH_SEARCH_PATHS = "$(inherited) @executable_path/Frameworks @loader_path/Frameworks";
				PRODUCT_NAME = "$(TARGET_NAME)";
				TEST_HOST = "$(BUILT_PRODUCTS_DIR)/Inspection.app/Inspection";
			};
			name = Debug;
		};
		41E941FA1A5275E200A8FCAE /* Release */ = {
			isa = XCBuildConfiguration;
			buildSettings = {
				BUNDLE_LOADER = "$(TEST_HOST)";
				FRAMEWORK_SEARCH_PATHS = (
					"$(SDKROOT)/Developer/Library/Frameworks",
					"$(inherited)",
				);
				INFOPLIST_FILE = InspectionTests/Info.plist;
				LD_RUNPATH_SEARCH_PATHS = "$(inherited) @executable_path/Frameworks @loader_path/Frameworks";
				PRODUCT_NAME = "$(TARGET_NAME)";
				TEST_HOST = "$(BUILT_PRODUCTS_DIR)/Inspection.app/Inspection";
			};
			name = Release;
		};
/* End XCBuildConfiguration section */

/* Begin XCConfigurationList section */
		41E941CD1A5275E200A8FCAE /* Build configuration list for PBXProject "Inspection" */ = {
			isa = XCConfigurationList;
			buildConfigurations = (
				41E941F31A5275E200A8FCAE /* Debug */,
				41E941F41A5275E200A8FCAE /* Release */,
			);
			defaultConfigurationIsVisible = 0;
			defaultConfigurationName = Release;
		};
		41E941F51A5275E200A8FCAE /* Build configuration list for PBXNativeTarget "Inspection" */ = {
			isa = XCConfigurationList;
			buildConfigurations = (
				41E941F61A5275E200A8FCAE /* Debug */,
				41E941F71A5275E200A8FCAE /* Release */,
			);
			defaultConfigurationIsVisible = 0;
		};
		41E941F81A5275E200A8FCAE /* Build configuration list for PBXNativeTarget "InspectionTests" */ = {
			isa = XCConfigurationList;
			buildConfigurations = (
				41E941F91A5275E200A8FCAE /* Debug */,
				41E941FA1A5275E200A8FCAE /* Release */,
			);
			defaultConfigurationIsVisible = 0;
		};
/* End XCConfigurationList section */
	};
	rootObject = 41E941CA1A5275E200A8FCAE /* Project object */;
}
